// !$*UTF8*$!
{
	archiveVersion = 1;
	classes = {
	};
	objectVersion = 46;
	objects = {

/* Begin PBXBuildFile section */
		457C5D061E33129E000EF821 /* WeatherAPI.m in Sources */ = {isa = PBXBuildFile; fileRef = 457C5D051E33129E000EF821 /* WeatherAPI.m */; };
		457C5D2E1E3361D0000EF821 /* Weather.m in Sources */ = {isa = PBXBuildFile; fileRef = 457C5D2D1E3361D0000EF821 /* Weather.m */; };
		457C5D321E34D6F7000EF821 /* WeatherCell.m in Sources */ = {isa = PBXBuildFile; fileRef = 457C5D311E34D6F7000EF821 /* WeatherCell.m */; };
		457C5D351E34E689000EF821 /* HeaderCell.m in Sources */ = {isa = PBXBuildFile; fileRef = 457C5D341E34E689000EF821 /* HeaderCell.m */; };
		459A43B81E30D8160017995D /* main.m in Sources */ = {isa = PBXBuildFile; fileRef = 459A43B71E30D8160017995D /* main.m */; };
		459A43BB1E30D8160017995D /* AppDelegate.m in Sources */ = {isa = PBXBuildFile; fileRef = 459A43BA1E30D8160017995D /* AppDelegate.m */; };
		459A43BE1E30D8160017995D /* ViewController.m in Sources */ = {isa = PBXBuildFile; fileRef = 459A43BD1E30D8160017995D /* ViewController.m */; };
		459A43C11E30D8160017995D /* Main.storyboard in Resources */ = {isa = PBXBuildFile; fileRef = 459A43BF1E30D8160017995D /* Main.storyboard */; };
		459A43C31E30D8160017995D /* Assets.xcassets in Resources */ = {isa = PBXBuildFile; fileRef = 459A43C21E30D8160017995D /* Assets.xcassets */; };
		459A43C61E30D8160017995D /* LaunchScreen.storyboard in Resources */ = {isa = PBXBuildFile; fileRef = 459A43C41E30D8160017995D /* LaunchScreen.storyboard */; };
		E0EBE2B0EBAB77C1F9DEE955 /* libPods-WeatherApp.a in Frameworks */ = {isa = PBXBuildFile; fileRef = 23F781A26CCBADBFED3C9531 /* libPods-WeatherApp.a */; };
/* End PBXBuildFile section */

/* Begin PBXFileReference section */
		20DFD95417ACCD0F295CD8D6 /* Pods-WeatherApp.release.xcconfig */ = {isa = PBXFileReference; includeInIndex = 1; lastKnownFileType = text.xcconfig; name = "Pods-WeatherApp.release.xcconfig"; path = "Pods/Target Support Files/Pods-WeatherApp/Pods-WeatherApp.release.xcconfig"; sourceTree = "<group>"; };
		23F781A26CCBADBFED3C9531 /* libPods-WeatherApp.a */ = {isa = PBXFileReference; explicitFileType = archive.ar; includeInIndex = 0; path = "libPods-WeatherApp.a"; sourceTree = BUILT_PRODUCTS_DIR; };
		324FF9C471EB9D363D1ECDC3 /* Pods-WeatherApp.debug.xcconfig */ = {isa = PBXFileReference; includeInIndex = 1; lastKnownFileType = text.xcconfig; name = "Pods-WeatherApp.debug.xcconfig"; path = "Pods/Target Support Files/Pods-WeatherApp/Pods-WeatherApp.debug.xcconfig"; sourceTree = "<group>"; };
		457C5D041E33127F000EF821 /* WeatherAPI.h */ = {isa = PBXFileReference; fileEncoding = 4; lastKnownFileType = sourcecode.c.h; path = WeatherAPI.h; sourceTree = "<group>"; };
		457C5D051E33129E000EF821 /* WeatherAPI.m */ = {isa = PBXFileReference; fileEncoding = 4; lastKnownFileType = sourcecode.c.objc; path = WeatherAPI.m; sourceTree = "<group>"; };
		457C5D2D1E3361D0000EF821 /* Weather.m */ = {isa = PBXFileReference; fileEncoding = 4; lastKnownFileType = sourcecode.c.objc; path = Weather.m; sourceTree = "<group>"; };
		457C5D2F1E3361E0000EF821 /* Weather.h */ = {isa = PBXFileReference; fileEncoding = 4; lastKnownFileType = sourcecode.c.h; path = Weather.h; sourceTree = "<group>"; };
		457C5D301E34D6F7000EF821 /* WeatherCell.h */ = {isa = PBXFileReference; fileEncoding = 4; lastKnownFileType = sourcecode.c.h; path = WeatherCell.h; sourceTree = "<group>"; };
		457C5D311E34D6F7000EF821 /* WeatherCell.m */ = {isa = PBXFileReference; fileEncoding = 4; lastKnownFileType = sourcecode.c.objc; path = WeatherCell.m; sourceTree = "<group>"; };
		457C5D331E34E689000EF821 /* HeaderCell.h */ = {isa = PBXFileReference; fileEncoding = 4; lastKnownFileType = sourcecode.c.h; path = HeaderCell.h; sourceTree = "<group>"; };
		457C5D341E34E689000EF821 /* HeaderCell.m */ = {isa = PBXFileReference; fileEncoding = 4; lastKnownFileType = sourcecode.c.objc; path = HeaderCell.m; sourceTree = "<group>"; };
		459A43B31E30D8160017995D /* WeatherApp.app */ = {isa = PBXFileReference; explicitFileType = wrapper.application; includeInIndex = 0; path = WeatherApp.app; sourceTree = BUILT_PRODUCTS_DIR; };
		459A43B71E30D8160017995D /* main.m */ = {isa = PBXFileReference; lastKnownFileType = sourcecode.c.objc; path = main.m; sourceTree = "<group>"; };
		459A43B91E30D8160017995D /* AppDelegate.h */ = {isa = PBXFileReference; lastKnownFileType = sourcecode.c.h; path = AppDelegate.h; sourceTree = "<group>"; };
		459A43BA1E30D8160017995D /* AppDelegate.m */ = {isa = PBXFileReference; lastKnownFileType = sourcecode.c.objc; path = AppDelegate.m; sourceTree = "<group>"; };
		459A43BC1E30D8160017995D /* ViewController.h */ = {isa = PBXFileReference; lastKnownFileType = sourcecode.c.h; path = ViewController.h; sourceTree = "<group>"; };
		459A43BD1E30D8160017995D /* ViewController.m */ = {isa = PBXFileReference; lastKnownFileType = sourcecode.c.objc; path = ViewController.m; sourceTree = "<group>"; };
		459A43C01E30D8160017995D /* Base */ = {isa = PBXFileReference; lastKnownFileType = file.storyboard; name = Base; path = Base.lproj/Main.storyboard; sourceTree = "<group>"; };
		459A43C21E30D8160017995D /* Assets.xcassets */ = {isa = PBXFileReference; lastKnownFileType = folder.assetcatalog; path = Assets.xcassets; sourceTree = "<group>"; };
		459A43C51E30D8160017995D /* Base */ = {isa = PBXFileReference; lastKnownFileType = file.storyboard; name = Base; path = Base.lproj/LaunchScreen.storyboard; sourceTree = "<group>"; };
		459A43C71E30D8160017995D /* Info.plist */ = {isa = PBXFileReference; lastKnownFileType = text.plist.xml; path = Info.plist; sourceTree = "<group>"; };
/* End PBXFileReference section */

/* Begin PBXFrameworksBuildPhase section */
		459A43B01E30D8160017995D /* Frameworks */ = {
			isa = PBXFrameworksBuildPhase;
			buildActionMask = 2147483647;
			files = (
				E0EBE2B0EBAB77C1F9DEE955 /* libPods-WeatherApp.a in Frameworks */,
			);
			runOnlyForDeploymentPostprocessing = 0;
		};
/* End PBXFrameworksBuildPhase section */

/* Begin PBXGroup section */
		35A61E4BB9A492386BAD3F13 /* Pods */ = {
			isa = PBXGroup;
			children = (
				324FF9C471EB9D363D1ECDC3 /* Pods-WeatherApp.debug.xcconfig */,
				20DFD95417ACCD0F295CD8D6 /* Pods-WeatherApp.release.xcconfig */,
			);
			name = Pods;
			sourceTree = "<group>";
		};
		459A43AA1E30D8150017995D = {
			isa = PBXGroup;
			children = (
				459A43B51E30D8160017995D /* WeatherApp */,
				459A43B41E30D8160017995D /* Products */,
				35A61E4BB9A492386BAD3F13 /* Pods */,
				E9C4FF67A2DD993F471B8257 /* Frameworks */,
			);
			sourceTree = "<group>";
		};
		459A43B41E30D8160017995D /* Products */ = {
			isa = PBXGroup;
			children = (
				459A43B31E30D8160017995D /* WeatherApp.app */,
			);
			name = Products;
			sourceTree = "<group>";
		};
		459A43B51E30D8160017995D /* WeatherApp */ = {
			isa = PBXGroup;
			children = (
				459A43B91E30D8160017995D /* AppDelegate.h */,
				459A43BA1E30D8160017995D /* AppDelegate.m */,
				459A43BC1E30D8160017995D /* ViewController.h */,
				459A43BD1E30D8160017995D /* ViewController.m */,
				459A43BF1E30D8160017995D /* Main.storyboard */,
				459A43C21E30D8160017995D /* Assets.xcassets */,
				459A43C41E30D8160017995D /* LaunchScreen.storyboard */,
				459A43C71E30D8160017995D /* Info.plist */,
				459A43B61E30D8160017995D /* Supporting Files */,
				457C5D041E33127F000EF821 /* WeatherAPI.h */,
				457C5D051E33129E000EF821 /* WeatherAPI.m */,
				457C5D2D1E3361D0000EF821 /* Weather.m */,
				457C5D2F1E3361E0000EF821 /* Weather.h */,
				457C5D301E34D6F7000EF821 /* WeatherCell.h */,
				457C5D311E34D6F7000EF821 /* WeatherCell.m */,
				457C5D331E34E689000EF821 /* HeaderCell.h */,
				457C5D341E34E689000EF821 /* HeaderCell.m */,
			);
			path = WeatherApp;
			sourceTree = "<group>";
		};
		459A43B61E30D8160017995D /* Supporting Files */ = {
			isa = PBXGroup;
			children = (
				459A43B71E30D8160017995D /* main.m */,
			);
			name = "Supporting Files";
			sourceTree = "<group>";
		};
		E9C4FF67A2DD993F471B8257 /* Frameworks */ = {
			isa = PBXGroup;
			children = (
				23F781A26CCBADBFED3C9531 /* libPods-WeatherApp.a */,
			);
			name = Frameworks;
			sourceTree = "<group>";
		};
/* End PBXGroup section */

/* Begin PBXNativeTarget section */
		459A43B21E30D8160017995D /* WeatherApp */ = {
			isa = PBXNativeTarget;
			buildConfigurationList = 459A43CA1E30D8160017995D /* Build configuration list for PBXNativeTarget "WeatherApp" */;
			buildPhases = (
				637CB05E0AD1725E44C6CE07 /* [CP] Check Pods Manifest.lock */,
				459A43AF1E30D8160017995D /* Sources */,
				459A43B01E30D8160017995D /* Frameworks */,
				459A43B11E30D8160017995D /* Resources */,
				ED287CA48ED6899D47E17559 /* [CP] Embed Pods Frameworks */,
				524A5F152F106FE9663D28AB /* [CP] Copy Pods Resources */,
			);
			buildRules = (
			);
			dependencies = (
			);
			name = WeatherApp;
			productName = WeatherApp;
			productReference = 459A43B31E30D8160017995D /* WeatherApp.app */;
			productType = "com.apple.product-type.application";
		};
/* End PBXNativeTarget section */

/* Begin PBXProject section */
		459A43AB1E30D8150017995D /* Project object */ = {
			isa = PBXProject;
			attributes = {
				LastUpgradeCheck = 0820;
				ORGANIZATIONNAME = enghong;
				TargetAttributes = {
					459A43B21E30D8160017995D = {
						CreatedOnToolsVersion = 8.2.1;
						DevelopmentTeam = C6RVJ8E5KU;
						ProvisioningStyle = Automatic;
					};
				};
			};
			buildConfigurationList = 459A43AE1E30D8150017995D /* Build configuration list for PBXProject "WeatherApp" */;
			compatibilityVersion = "Xcode 3.2";
			developmentRegion = English;
			hasScannedForEncodings = 0;
			knownRegions = (
				en,
				Base,
			);
			mainGroup = 459A43AA1E30D8150017995D;
			productRefGroup = 459A43B41E30D8160017995D /* Products */;
			projectDirPath = "";
			projectRoot = "";
			targets = (
				459A43B21E30D8160017995D /* WeatherApp */,
			);
		};
/* End PBXProject section */

/* Begin PBXResourcesBuildPhase section */
		459A43B11E30D8160017995D /* Resources */ = {
			isa = PBXResourcesBuildPhase;
			buildActionMask = 2147483647;
			files = (
				459A43C61E30D8160017995D /* LaunchScreen.storyboard in Resources */,
				459A43C31E30D8160017995D /* Assets.xcassets in Resources */,
				459A43C11E30D8160017995D /* Main.storyboard in Resources */,
			);
			runOnlyForDeploymentPostprocessing = 0;
		};
/* End PBXResourcesBuildPhase section */

/* Begin PBXShellScriptBuildPhase section */
		524A5F152F106FE9663D28AB /* [CP] Copy Pods Resources */ = {
			isa = PBXShellScriptBuildPhase;
			buildActionMask = 2147483647;
			files = (
			);
			inputPaths = (
			);
			name = "[CP] Copy Pods Resources";
			outputPaths = (
			);
			runOnlyForDeploymentPostprocessing = 0;
			shellPath = /bin/sh;
			shellScript = "\"${SRCROOT}/Pods/Target Support Files/Pods-WeatherApp/Pods-WeatherApp-resources.sh\"\n";
			showEnvVarsInLog = 0;
		};
		637CB05E0AD1725E44C6CE07 /* [CP] Check Pods Manifest.lock */ = {
			isa = PBXShellScriptBuildPhase;
			buildActionMask = 2147483647;
			files = (
			);
			inputPaths = (
			);
			name = "[CP] Check Pods Manifest.lock";
			outputPaths = (
			);
			runOnlyForDeploymentPostprocessing = 0;
			shellPath = /bin/sh;
			shellScript = "diff \"${PODS_ROOT}/../Podfile.lock\" \"${PODS_ROOT}/Manifest.lock\" > /dev/null\nif [ $? != 0 ] ; then\n    # print error to STDERR\n    echo \"error: The sandbox is not in sync with the Podfile.lock. Run 'pod install' or update your CocoaPods installation.\" >&2\n    exit 1\nfi\n";
			showEnvVarsInLog = 0;
		};
		ED287CA48ED6899D47E17559 /* [CP] Embed Pods Frameworks */ = {
			isa = PBXShellScriptBuildPhase;
			buildActionMask = 2147483647;
			files = (
			);
			inputPaths = (
			);
			name = "[CP] Embed Pods Frameworks";
			outputPaths = (
			);
			runOnlyForDeploymentPostprocessing = 0;
			shellPath = /bin/sh;
			shellScript = "\"${SRCROOT}/Pods/Target Support Files/Pods-WeatherApp/Pods-WeatherApp-frameworks.sh\"\n";
			showEnvVarsInLog = 0;
		};
/* End PBXShellScriptBuildPhase section */

/* Begin PBXSourcesBuildPhase section */
		459A43AF1E30D8160017995D /* Sources */ = {
			isa = PBXSourcesBuildPhase;
			buildActionMask = 2147483647;
			files = (
				457C5D351E34E689000EF821 /* HeaderCell.m in Sources */,
				459A43BE1E30D8160017995D /* ViewController.m in Sources */,
				457C5D061E33129E000EF821 /* WeatherAPI.m in Sources */,
				459A43BB1E30D8160017995D /* AppDelegate.m in Sources */,
				459A43B81E30D8160017995D /* main.m in Sources */,
				457C5D321E34D6F7000EF821 /* WeatherCell.m in Sources */,
				457C5D2E1E3361D0000EF821 /* Weather.m in Sources */,
			);
			runOnlyForDeploymentPostprocessing = 0;
		};
/* End PBXSourcesBuildPhase section */

/* Begin PBXVariantGroup section */
		459A43BF1E30D8160017995D /* Main.storyboard */ = {
			isa = PBXVariantGroup;
			children = (
				459A43C01E30D8160017995D /* Base */,
			);
			name = Main.storyboard;
			sourceTree = "<group>";
		};
		459A43C41E30D8160017995D /* LaunchScreen.storyboard */ = {
			isa = PBXVariantGroup;
			children = (
				459A43C51E30D8160017995D /* Base */,
			);
			name = LaunchScreen.storyboard;
			sourceTree = "<group>";
		};
/* End PBXVariantGroup section */

/* Begin XCBuildConfiguration section */
		459A43C81E30D8160017995D /* Debug */ = {
			isa = XCBuildConfiguration;
			buildSettings = {
				ALWAYS_SEARCH_USER_PATHS = NO;
				CLANG_ANALYZER_NONNULL = YES;
				CLANG_CXX_LANGUAGE_STANDARD = "gnu++0x";
				CLANG_CXX_LIBRARY = "libc++";
				CLANG_ENABLE_MODULES = YES;
				CLANG_ENABLE_OBJC_ARC = YES;
				CLANG_WARN_BOOL_CONVERSION = YES;
				CLANG_WARN_CONSTANT_CONVERSION = YES;
				CLANG_WARN_DIRECT_OBJC_ISA_USAGE = YES_ERROR;
				CLANG_WARN_DOCUMENTATION_COMMENTS = YES;
				CLANG_WARN_EMPTY_BODY = YES;
				CLANG_WARN_ENUM_CONVERSION = YES;
				CLANG_WARN_INFINITE_RECURSION = YES;
				CLANG_WARN_INT_CONVERSION = YES;
				CLANG_WARN_OBJC_ROOT_CLASS = YES_ERROR;
				CLANG_WARN_SUSPICIOUS_MOVE = YES;
				CLANG_WARN_UNREACHABLE_CODE = YES;
				CLANG_WARN__DUPLICATE_METHOD_MATCH = YES;
				"CODE_SIGN_IDENTITY[sdk=iphoneos*]" = "iPhone Developer";
				COPY_PHASE_STRIP = NO;
				DEBUG_INFORMATION_FORMAT = dwarf;
				ENABLE_STRICT_OBJC_MSGSEND = YES;
				ENABLE_TESTABILITY = YES;
				GCC_C_LANGUAGE_STANDARD = gnu99;
				GCC_DYNAMIC_NO_PIC = NO;
				GCC_NO_COMMON_BLOCKS = YES;
				GCC_OPTIMIZATION_LEVEL = 0;
				GCC_PREPROCESSOR_DEFINITIONS = (
					"DEBUG=1",
					"$(inherited)",
				);
				GCC_WARN_64_TO_32_BIT_CONVERSION = YES;
				GCC_WARN_ABOUT_RETURN_TYPE = YES_ERROR;
				GCC_WARN_UNDECLARED_SELECTOR = YES;
				GCC_WARN_UNINITIALIZED_AUTOS = YES_AGGRESSIVE;
				GCC_WARN_UNUSED_FUNCTION = YES;
				GCC_WARN_UNUSED_VARIABLE = YES;
				IPHONEOS_DEPLOYMENT_TARGET = 10.2;
				MTL_ENABLE_DEBUG_INFO = YES;
				ONLY_ACTIVE_ARCH = YES;
				SDKROOT = iphoneos;
				TARGETED_DEVICE_FAMILY = "1,2";
			};
			name = Debug;
		};
		459A43C91E30D8160017995D /* Release */ = {
			isa = XCBuildConfiguration;
			buildSettings = {
				ALWAYS_SEARCH_USER_PATHS = NO;
				CLANG_ANALYZER_NONNULL = YES;
				CLANG_CXX_LANGUAGE_STANDARD = "gnu++0x";
				CLANG_CXX_LIBRARY = "libc++";
				CLANG_ENABLE_MODULES = YES;
				CLANG_ENABLE_OBJC_ARC = YES;
				CLANG_WARN_BOOL_CONVERSION = YES;
				CLANG_WARN_CONSTANT_CONVERSION = YES;
				CLANG_WARN_DIRECT_OBJC_ISA_USAGE = YES_ERROR;
				CLANG_WARN_DOCUMENTATION_COMMENTS = YES;
				CLANG_WARN_EMPTY_BODY = YES;
				CLANG_WARN_ENUM_CONVERSION = YES;
				CLANG_WARN_INFINITE_RECURSION = YES;
				CLANG_WARN_INT_CONVERSION = YES;
				CLANG_WARN_OBJC_ROOT_CLASS = YES_ERROR;
				CLANG_WARN_SUSPICIOUS_MOVE = YES;
				CLANG_WARN_UNREACHABLE_CODE = YES;
				CLANG_WARN__DUPLICATE_METHOD_MATCH = YES;
				"CODE_SIGN_IDENTITY[sdk=iphoneos*]" = "iPhone Developer";
				COPY_PHASE_STRIP = NO;
				DEBUG_INFORMATION_FORMAT = "dwarf-with-dsym";
				ENABLE_NS_ASSERTIONS = NO;
				ENABLE_STRICT_OBJC_MSGSEND = YES;
				GCC_C_LANGUAGE_STANDARD = gnu99;
				GCC_NO_COMMON_BLOCKS = YES;
				GCC_WARN_64_TO_32_BIT_CONVERSION = YES;
				GCC_WARN_ABOUT_RETURN_TYPE = YES_ERROR;
				GCC_WARN_UNDECLARED_SELECTOR = YES;
				GCC_WARN_UNINITIALIZED_AUTOS = YES_AGGRESSIVE;
				GCC_WARN_UNUSED_FUNCTION = YES;
				GCC_WARN_UNUSED_VARIABLE = YES;
				IPHONEOS_DEPLOYMENT_TARGET = 10.2;
				MTL_ENABLE_DEBUG_INFO = NO;
				SDKROOT = iphoneos;
				TARGETED_DEVICE_FAMILY = "1,2";
				VALIDATE_PRODUCT = YES;
			};
			name = Release;
		};
		459A43CB1E30D8160017995D /* Debug */ = {
			isa = XCBuildConfiguration;
			baseConfigurationReference = 324FF9C471EB9D363D1ECDC3 /* Pods-WeatherApp.debug.xcconfig */;
			buildSettings = {
				ASSETCATALOG_COMPILER_APPICON_NAME = AppIcon;
				DEVELOPMENT_TEAM = C6RVJ8E5KU;
				INFOPLIST_FILE = WeatherApp/Info.plist;
				IPHONEOS_DEPLOYMENT_TARGET = 8.0;
				LD_RUNPATH_SEARCH_PATHS = "$(inherited) @executable_path/Frameworks";
				PRODUCT_BUNDLE_IDENTIFIER = com.enghong.WeatherApp;
				PRODUCT_NAME = "$(TARGET_NAME)";
			};
			name = Debug;
		};
		459A43CC1E30D8160017995D /* Release */ = {
			isa = XCBuildConfiguration;
			baseConfigurationReference = 20DFD95417ACCD0F295CD8D6 /* Pods-WeatherApp.release.xcconfig */;
			buildSettings = {
				ASSETCATALOG_COMPILER_APPICON_NAME = AppIcon;
				DEVELOPMENT_TEAM = C6RVJ8E5KU;
				INFOPLIST_FILE = WeatherApp/Info.plist;
				IPHONEOS_DEPLOYMENT_TARGET = 8.0;
				LD_RUNPATH_SEARCH_PATHS = "$(inherited) @executable_path/Frameworks";
				PRODUCT_BUNDLE_IDENTIFIER = com.enghong.WeatherApp;
				PRODUCT_NAME = "$(TARGET_NAME)";
			};
			name = Release;
		};
/* End XCBuildConfiguration section */

/* Begin XCConfigurationList section */
		459A43AE1E30D8150017995D /* Build configuration list for PBXProject "WeatherApp" */ = {
			isa = XCConfigurationList;
			buildConfigurations = (
				459A43C81E30D8160017995D /* Debug */,
				459A43C91E30D8160017995D /* Release */,
			);
			defaultConfigurationIsVisible = 0;
			defaultConfigurationName = Release;
		};
		459A43CA1E30D8160017995D /* Build configuration list for PBXNativeTarget "WeatherApp" */ = {
			isa = XCConfigurationList;
			buildConfigurations = (
				459A43CB1E30D8160017995D /* Debug */,
				459A43CC1E30D8160017995D /* Release */,
			);
			defaultConfigurationIsVisible = 0;
			defaultConfigurationName = Release;
		};
/* End XCConfigurationList section */
	};
	rootObject = 459A43AB1E30D8150017995D /* Project object */;
}
